
Microsoft Visual Studio Solution File, Format Version 12.00
# Visual Studio 15
VisualStudioVersion = 15.0.27703.2042
MinimumVisualStudioVersion = 10.0.40219.1
Project("{FAE04EC0-301F-11D3-BF4B-00C04F79EFBC}") = "WebApplication1", "WebApplication1\WebApplication1.csproj", "{5EDC76E3-F15B-49DB-BDEE-2BD1EDADCF5B}"
EndProject
Project("{FAE04EC0-301F-11D3-BF4B-00C04F79EFBC}") = "WebApplication1.Tests", "WebApplication1.Tests\WebApplication1.Tests.csproj", "{C215EA3A-D12D-4259-B58F-B951F86EFA0A}"
EndProject
Global
	GlobalSection(SolutionConfigurationPlatforms) = preSolution
		Debug|Any CPU = Debug|Any CPU
		Release|Any CPU = Release|Any CPU
	EndGlobalSection
	GlobalSection(ProjectConfigurationPlatforms) = postSolution
		{5EDC76E3-F15B-49DB-BDEE-2BD1EDADCF5B}.Debug|Any CPU.ActiveCfg = Debug|Any CPU
		{5EDC76E3-F15B-49DB-BDEE-2BD1EDADCF5B}.Debug|Any CPU.Build.0 = Debug|Any CPU
		{5EDC76E3-F15B-49DB-BDEE-2BD1EDADCF5B}.Release|Any CPU.ActiveCfg = Release|Any CPU
		{5EDC76E3-F15B-49DB-BDEE-2BD1EDADCF5B}.Release|Any CPU.Build.0 = Release|Any CPU
		{C215EA3A-D12D-4259-B58F-B951F86EFA0A}.Debug|Any CPU.ActiveCfg = Debug|Any CPU
		{C215EA3A-D12D-4259-B58F-B951F86EFA0A}.Debug|Any CPU.Build.0 = Debug|Any CPU
		{C215EA3A-D12D-4259-B58F-B951F86EFA0A}.Release|Any CPU.ActiveCfg = Release|Any CPU
		{C215EA3A-D12D-4259-B58F-B951F86EFA0A}.Release|Any CPU.Build.0 = Release|Any CPU
	EndGlobalSection
	GlobalSection(SolutionProperties) = preSolution
		HideSolutionNode = FALSE
	EndGlobalSection
	GlobalSection(ExtensibilityGlobals) = postSolution
		SolutionGuid = {6632EAF0-6ED1-4C02-B8DB-2FD8A8A9041B}
	EndGlobalSection
EndGlobal
